
Microsoft Visual Studio Solution File, Format Version 12.00
# Visual Studio Version 17
VisualStudioVersion = 17.14.36414.22 d17.14
MinimumVisualStudioVersion = 10.0.40219.1
Project("{FAE04EC0-301F-11D3-BF4B-00C04F79EFBC}") = "GGML_Automation", "GGML_Automation\GGML_Automation.csproj", "{7BA49895-A05C-439E-AC0F-548517B0BC91}"
EndProject
Global
	GlobalSection(SolutionConfigurationPlatforms) = preSolution
		Debug|Any CPU = Debug|Any CPU
		Release|Any CPU = Release|Any CPU
	EndGlobalSection
	GlobalSection(ProjectConfigurationPlatforms) = postSolution
		{7BA49895-A05C-439E-AC0F-548517B0BC91}.Debug|Any CPU.ActiveCfg = Debug|Any CPU
		{7BA49895-A05C-439E-AC0F-548517B0BC91}.Debug|Any CPU.Build.0 = Debug|Any CPU
		{7BA49895-A05C-439E-AC0F-548517B0BC91}.Release|Any CPU.ActiveCfg = Release|Any CPU
		{7BA49895-A05C-439E-AC0F-548517B0BC91}.Release|Any CPU.Build.0 = Release|Any CPU
	EndGlobalSection
	GlobalSection(SolutionProperties) = preSolution
		HideSolutionNode = FALSE
	EndGlobalSection
	GlobalSection(ExtensibilityGlobals) = postSolution
		SolutionGuid = {2C78D774-1C37-4E37-A2A6-9E224C787DEA}
	EndGlobalSection
EndGlobal
